// !$*UTF8*$!
{
	archiveVersion = 1;
	classes = {
	};
	objectVersion = 50;
	objects = {

/* Begin PBXBuildFile section */
		3A03FC622101236300849B94 /* ReductVC.swift in Sources */ = {isa = PBXBuildFile; fileRef = 3A03FC612101236300849B94 /* ReductVC.swift */; };
		3A03FC6421012BE000849B94 /* Error.swift in Sources */ = {isa = PBXBuildFile; fileRef = 3A03FC6321012BE000849B94 /* Error.swift */; };
		3A1120862105F557003892F6 /* NotificationCenter.framework in Frameworks */ = {isa = PBXBuildFile; fileRef = 3A1120852105F557003892F6 /* NotificationCenter.framework */; };
		3A1120892105F557003892F6 /* TodayViewController.swift in Sources */ = {isa = PBXBuildFile; fileRef = 3A1120882105F557003892F6 /* TodayViewController.swift */; };
		3A11208C2105F557003892F6 /* MainInterface.storyboard in Resources */ = {isa = PBXBuildFile; fileRef = 3A11208A2105F557003892F6 /* MainInterface.storyboard */; };
		3A1120902105F557003892F6 /* LastTask.appex in Embed App Extensions */ = {isa = PBXBuildFile; fileRef = 3A1120842105F557003892F6 /* LastTask.appex */; settings = {ATTRIBUTES = (RemoveHeadersOnCopy, ); }; };
		3A79EE3F2101FD5F0077C39D /* FilterTableVC.swift in Sources */ = {isa = PBXBuildFile; fileRef = 3A79EE3E2101FD5F0077C39D /* FilterTableVC.swift */; };
		3A79EE412101FDD40077C39D /* TaskCell.swift in Sources */ = {isa = PBXBuildFile; fileRef = 3A79EE402101FDD40077C39D /* TaskCell.swift */; };
		3A79EE432101FE330077C39D /* FiltreCell.swift in Sources */ = {isa = PBXBuildFile; fileRef = 3A79EE422101FE330077C39D /* FiltreCell.swift */; };
		3ACD88BA20FF302000ED3721 /* AppDelegate.swift in Sources */ = {isa = PBXBuildFile; fileRef = 3ACD88B920FF302000ED3721 /* AppDelegate.swift */; };
		3ACD88BF20FF302000ED3721 /* Main.storyboard in Resources */ = {isa = PBXBuildFile; fileRef = 3ACD88BD20FF302000ED3721 /* Main.storyboard */; };
		3ACD88C120FF302100ED3721 /* Assets.xcassets in Resources */ = {isa = PBXBuildFile; fileRef = 3ACD88C020FF302100ED3721 /* Assets.xcassets */; };
		3ACD88C420FF302100ED3721 /* LaunchScreen.storyboard in Resources */ = {isa = PBXBuildFile; fileRef = 3ACD88C220FF302100ED3721 /* LaunchScreen.storyboard */; };
		3ACD88D220FF355200ED3721 /* TableViewController.swift in Sources */ = {isa = PBXBuildFile; fileRef = 3ACD88D120FF355200ED3721 /* TableViewController.swift */; };
		3ACD88D420FF416E00ED3721 /* AddViewController.swift in Sources */ = {isa = PBXBuildFile; fileRef = 3ACD88D320FF416E00ED3721 /* AddViewController.swift */; };
		3ACD89002100F7C100ED3721 /* Podfile in Resources */ = {isa = PBXBuildFile; fileRef = 3ACD88FF2100F7C100ED3721 /* Podfile */; };
		3AFB74762101DFF10028A65E /* EtitTableVC.swift in Sources */ = {isa = PBXBuildFile; fileRef = 3AFB74752101DFF10028A65E /* EtitTableVC.swift */; };
		681DDE0B6CC4B69C9684C2F4 /* Pods_taskHub.framework in Frameworks */ = {isa = PBXBuildFile; fileRef = 0CE91EBEA8F1C5969011D9C0 /* Pods_taskHub.framework */; };
/* End PBXBuildFile section */

/* Begin PBXContainerItemProxy section */
		3A11208E2105F557003892F6 /* PBXContainerItemProxy */ = {
			isa = PBXContainerItemProxy;
			containerPortal = 3ACD88AE20FF301F00ED3721 /* Project object */;
			proxyType = 1;
			remoteGlobalIDString = 3A1120832105F557003892F6;
			remoteInfo = LastTask;
		};
/* End PBXContainerItemProxy section */

/* Begin PBXCopyFilesBuildPhase section */
		3AB8E4CD21051D2B000570A0 /* Embed App Extensions */ = {
			isa = PBXCopyFilesBuildPhase;
			buildActionMask = 2147483647;
			dstPath = "";
			dstSubfolderSpec = 13;
			files = (
				3A1120902105F557003892F6 /* LastTask.appex in Embed App Extensions */,
			);
			name = "Embed App Extensions";
			runOnlyForDeploymentPostprocessing = 0;
		};
/* End PBXCopyFilesBuildPhase section */

/* Begin PBXFileReference section */
		0CE91EBEA8F1C5969011D9C0 /* Pods_taskHub.framework */ = {isa = PBXFileReference; explicitFileType = wrapper.framework; includeInIndex = 0; path = Pods_taskHub.framework; sourceTree = BUILT_PRODUCTS_DIR; };
		3A03FC612101236300849B94 /* ReductVC.swift */ = {isa = PBXFileReference; lastKnownFileType = sourcecode.swift; path = ReductVC.swift; sourceTree = "<group>"; };
		3A03FC6321012BE000849B94 /* Error.swift */ = {isa = PBXFileReference; lastKnownFileType = sourcecode.swift; path = Error.swift; sourceTree = "<group>"; };
		3A1120842105F557003892F6 /* LastTask.appex */ = {isa = PBXFileReference; explicitFileType = "wrapper.app-extension"; includeInIndex = 0; path = LastTask.appex; sourceTree = BUILT_PRODUCTS_DIR; };
		3A1120852105F557003892F6 /* NotificationCenter.framework */ = {isa = PBXFileReference; lastKnownFileType = wrapper.framework; name = NotificationCenter.framework; path = System/Library/Frameworks/NotificationCenter.framework; sourceTree = SDKROOT; };
		3A1120882105F557003892F6 /* TodayViewController.swift */ = {isa = PBXFileReference; lastKnownFileType = sourcecode.swift; path = TodayViewController.swift; sourceTree = "<group>"; };
		3A11208B2105F557003892F6 /* Base */ = {isa = PBXFileReference; lastKnownFileType = file.storyboard; name = Base; path = Base.lproj/MainInterface.storyboard; sourceTree = "<group>"; };
		3A11208D2105F557003892F6 /* Info.plist */ = {isa = PBXFileReference; lastKnownFileType = text.plist.xml; path = Info.plist; sourceTree = "<group>"; };
		3A11209421060A4D003892F6 /* LastTask.entitlements */ = {isa = PBXFileReference; lastKnownFileType = text.plist.entitlements; path = LastTask.entitlements; sourceTree = "<group>"; };
		3A11209721067524003892F6 /* taskHub.entitlements */ = {isa = PBXFileReference; lastKnownFileType = text.plist.entitlements; path = taskHub.entitlements; sourceTree = "<group>"; };
		3A79EE3E2101FD5F0077C39D /* FilterTableVC.swift */ = {isa = PBXFileReference; lastKnownFileType = sourcecode.swift; path = FilterTableVC.swift; sourceTree = "<group>"; };
		3A79EE402101FDD40077C39D /* TaskCell.swift */ = {isa = PBXFileReference; fileEncoding = 4; lastKnownFileType = sourcecode.swift; path = TaskCell.swift; sourceTree = "<group>"; };
		3A79EE422101FE330077C39D /* FiltreCell.swift */ = {isa = PBXFileReference; lastKnownFileType = sourcecode.swift; path = FiltreCell.swift; sourceTree = "<group>"; };
		3ACD88B620FF302000ED3721 /* taskHub.app */ = {isa = PBXFileReference; explicitFileType = wrapper.application; includeInIndex = 0; path = taskHub.app; sourceTree = BUILT_PRODUCTS_DIR; };
		3ACD88B920FF302000ED3721 /* AppDelegate.swift */ = {isa = PBXFileReference; lastKnownFileType = sourcecode.swift; path = AppDelegate.swift; sourceTree = "<group>"; };
		3ACD88BE20FF302000ED3721 /* Base */ = {isa = PBXFileReference; lastKnownFileType = file.storyboard; name = Base; path = Base.lproj/Main.storyboard; sourceTree = "<group>"; };
		3ACD88C020FF302100ED3721 /* Assets.xcassets */ = {isa = PBXFileReference; lastKnownFileType = folder.assetcatalog; path = Assets.xcassets; sourceTree = "<group>"; };
		3ACD88C320FF302100ED3721 /* Base */ = {isa = PBXFileReference; lastKnownFileType = file.storyboard; name = Base; path = Base.lproj/LaunchScreen.storyboard; sourceTree = "<group>"; };
		3ACD88C520FF302100ED3721 /* Info.plist */ = {isa = PBXFileReference; lastKnownFileType = text.plist.xml; path = Info.plist; sourceTree = "<group>"; };
		3ACD88D120FF355200ED3721 /* TableViewController.swift */ = {isa = PBXFileReference; lastKnownFileType = sourcecode.swift; path = TableViewController.swift; sourceTree = "<group>"; };
		3ACD88D320FF416E00ED3721 /* AddViewController.swift */ = {isa = PBXFileReference; lastKnownFileType = sourcecode.swift; path = AddViewController.swift; sourceTree = "<group>"; };
		3ACD88D8210085BA00ED3721 /* CoreData.framework */ = {isa = PBXFileReference; lastKnownFileType = wrapper.framework; name = CoreData.framework; path = System/Library/Frameworks/CoreData.framework; sourceTree = SDKROOT; };
		3ACD88FF2100F7C100ED3721 /* Podfile */ = {isa = PBXFileReference; lastKnownFileType = text; path = Podfile; sourceTree = "<group>"; xcLanguageSpecificationIdentifier = xcode.lang.ruby; };
		3AFB74752101DFF10028A65E /* EtitTableVC.swift */ = {isa = PBXFileReference; lastKnownFileType = sourcecode.swift; path = EtitTableVC.swift; sourceTree = "<group>"; };
		F20B38E5AEA13C4636C60DE5 /* Pods-taskHub.debug.xcconfig */ = {isa = PBXFileReference; includeInIndex = 1; lastKnownFileType = text.xcconfig; name = "Pods-taskHub.debug.xcconfig"; path = "Pods/Target Support Files/Pods-taskHub/Pods-taskHub.debug.xcconfig"; sourceTree = "<group>"; };
		F48EB6FBC6C7CA9BD56FC278 /* Pods-taskHub.release.xcconfig */ = {isa = PBXFileReference; includeInIndex = 1; lastKnownFileType = text.xcconfig; name = "Pods-taskHub.release.xcconfig"; path = "Pods/Target Support Files/Pods-taskHub/Pods-taskHub.release.xcconfig"; sourceTree = "<group>"; };
/* End PBXFileReference section */

/* Begin PBXFrameworksBuildPhase section */
		3A1120812105F557003892F6 /* Frameworks */ = {
			isa = PBXFrameworksBuildPhase;
			buildActionMask = 2147483647;
			files = (
				3A1120862105F557003892F6 /* NotificationCenter.framework in Frameworks */,
			);
			runOnlyForDeploymentPostprocessing = 0;
		};
		3ACD88B320FF301F00ED3721 /* Frameworks */ = {
			isa = PBXFrameworksBuildPhase;
			buildActionMask = 2147483647;
			files = (
				681DDE0B6CC4B69C9684C2F4 /* Pods_taskHub.framework in Frameworks */,
			);
			runOnlyForDeploymentPostprocessing = 0;
		};
/* End PBXFrameworksBuildPhase section */

/* Begin PBXGroup section */
		3A1120872105F557003892F6 /* LastTask */ = {
			isa = PBXGroup;
			children = (
				3A11209421060A4D003892F6 /* LastTask.entitlements */,
				3A1120882105F557003892F6 /* TodayViewController.swift */,
				3A11208A2105F557003892F6 /* MainInterface.storyboard */,
				3A11208D2105F557003892F6 /* Info.plist */,
			);
			path = LastTask;
			sourceTree = "<group>";
		};
		3A112096210674DC003892F6 /* tableVIew */ = {
			isa = PBXGroup;
			children = (
				3A79EE402101FDD40077C39D /* TaskCell.swift */,
				3ACD88D120FF355200ED3721 /* TableViewController.swift */,
			);
			path = tableVIew;
			sourceTree = "<group>";
		};
		3A79EE3D2101FC8C0077C39D /* Edit */ = {
			isa = PBXGroup;
			children = (
				3AFB74752101DFF10028A65E /* EtitTableVC.swift */,
				3A03FC612101236300849B94 /* ReductVC.swift */,
			);
			path = Edit;
			sourceTree = "<group>";
		};
		3A79EE442101FE390077C39D /* Filter */ = {
			isa = PBXGroup;
			children = (
				3A79EE3E2101FD5F0077C39D /* FilterTableVC.swift */,
				3A79EE422101FE330077C39D /* FiltreCell.swift */,
			);
			path = Filter;
			sourceTree = "<group>";
		};
		3ACD88AD20FF301F00ED3721 = {
			isa = PBXGroup;
			children = (
				3ACD88FF2100F7C100ED3721 /* Podfile */,
				3ACD88B820FF302000ED3721 /* taskHub */,
				3A1120872105F557003892F6 /* LastTask */,
				3ACD88B720FF302000ED3721 /* Products */,
				3ACD88D7210085BA00ED3721 /* Frameworks */,
				BC199CCAA650B99945B6B2FD /* Pods */,
			);
			sourceTree = "<group>";
		};
		3ACD88B720FF302000ED3721 /* Products */ = {
			isa = PBXGroup;
			children = (
				3ACD88B620FF302000ED3721 /* taskHub.app */,
				3A1120842105F557003892F6 /* LastTask.appex */,
			);
			name = Products;
			sourceTree = "<group>";
		};
		3ACD88B820FF302000ED3721 /* taskHub */ = {
			isa = PBXGroup;
			children = (
				3A11209721067524003892F6 /* taskHub.entitlements */,
				3ACD88B920FF302000ED3721 /* AppDelegate.swift */,
				3A79EE442101FE390077C39D /* Filter */,
				3A79EE3D2101FC8C0077C39D /* Edit */,
				3A112096210674DC003892F6 /* tableVIew */,
				3ACD88BD20FF302000ED3721 /* Main.storyboard */,
				3ACD88D320FF416E00ED3721 /* AddViewController.swift */,
				3ACD88C020FF302100ED3721 /* Assets.xcassets */,
				3ACD88C220FF302100ED3721 /* LaunchScreen.storyboard */,
				3ACD88C520FF302100ED3721 /* Info.plist */,
				3A03FC6321012BE000849B94 /* Error.swift */,
			);
			path = taskHub;
			sourceTree = "<group>";
		};
		3ACD88D7210085BA00ED3721 /* Frameworks */ = {
			isa = PBXGroup;
			children = (
				3ACD88D8210085BA00ED3721 /* CoreData.framework */,
				0CE91EBEA8F1C5969011D9C0 /* Pods_taskHub.framework */,
				3A1120852105F557003892F6 /* NotificationCenter.framework */,
			);
			name = Frameworks;
			sourceTree = "<group>";
		};
		BC199CCAA650B99945B6B2FD /* Pods */ = {
			isa = PBXGroup;
			children = (
				F20B38E5AEA13C4636C60DE5 /* Pods-taskHub.debug.xcconfig */,
				F48EB6FBC6C7CA9BD56FC278 /* Pods-taskHub.release.xcconfig */,
			);
			name = Pods;
			sourceTree = "<group>";
		};
/* End PBXGroup section */

/* Begin PBXNativeTarget section */
		3A1120832105F557003892F6 /* LastTask */ = {
			isa = PBXNativeTarget;
			buildConfigurationList = 3A1120912105F557003892F6 /* Build configuration list for PBXNativeTarget "LastTask" */;
			buildPhases = (
				3A1120802105F557003892F6 /* Sources */,
				3A1120812105F557003892F6 /* Frameworks */,
				3A1120822105F557003892F6 /* Resources */,
			);
			buildRules = (
			);
			dependencies = (
			);
			name = LastTask;
			productName = LastTask;
			productReference = 3A1120842105F557003892F6 /* LastTask.appex */;
			productType = "com.apple.product-type.app-extension";
		};
		3ACD88B520FF301F00ED3721 /* taskHub */ = {
			isa = PBXNativeTarget;
			buildConfigurationList = 3ACD88C820FF302100ED3721 /* Build configuration list for PBXNativeTarget "taskHub" */;
			buildPhases = (
				4D6AD1BB5DE7E56158EAEC55 /* [CP] Check Pods Manifest.lock */,
				3ACD88B220FF301F00ED3721 /* Sources */,
				3ACD88B320FF301F00ED3721 /* Frameworks */,
				3ACD88B420FF301F00ED3721 /* Resources */,
				7A6EE1992060A7A59261D5F7 /* [CP] Embed Pods Frameworks */,
				3AB8E4CD21051D2B000570A0 /* Embed App Extensions */,
			);
			buildRules = (
			);
			dependencies = (
				3A11208F2105F557003892F6 /* PBXTargetDependency */,
			);
			name = taskHub;
			productName = taskHub;
			productReference = 3ACD88B620FF302000ED3721 /* taskHub.app */;
			productType = "com.apple.product-type.application";
		};
/* End PBXNativeTarget section */

/* Begin PBXProject section */
		3ACD88AE20FF301F00ED3721 /* Project object */ = {
			isa = PBXProject;
			attributes = {
				LastSwiftUpdateCheck = 0940;
				LastUpgradeCheck = 0940;
				ORGANIZATIONNAME = Anton;
				TargetAttributes = {
					3A1120832105F557003892F6 = {
						CreatedOnToolsVersion = 9.4.1;
						SystemCapabilities = {
							com.apple.ApplicationGroups.iOS = {
								enabled = 1;
							};
						};
					};
					3ACD88B520FF301F00ED3721 = {
						CreatedOnToolsVersion = 9.4.1;
						SystemCapabilities = {
							com.apple.ApplicationGroups.iOS = {
								enabled = 1;
							};
							com.apple.Maps.iOS = {
								enabled = 0;
							};
						};
					};
				};
			};
			buildConfigurationList = 3ACD88B120FF301F00ED3721 /* Build configuration list for PBXProject "taskHub" */;
			compatibilityVersion = "Xcode 9.3";
			developmentRegion = en;
			hasScannedForEncodings = 0;
			knownRegions = (
				en,
				Base,
			);
			mainGroup = 3ACD88AD20FF301F00ED3721;
			productRefGroup = 3ACD88B720FF302000ED3721 /* Products */;
			projectDirPath = "";
			projectRoot = "";
			targets = (
				3ACD88B520FF301F00ED3721 /* taskHub */,
				3A1120832105F557003892F6 /* LastTask */,
			);
		};
/* End PBXProject section */

/* Begin PBXResourcesBuildPhase section */
		3A1120822105F557003892F6 /* Resources */ = {
			isa = PBXResourcesBuildPhase;
			buildActionMask = 2147483647;
			files = (
				3A11208C2105F557003892F6 /* MainInterface.storyboard in Resources */,
			);
			runOnlyForDeploymentPostprocessing = 0;
		};
		3ACD88B420FF301F00ED3721 /* Resources */ = {
			isa = PBXResourcesBuildPhase;
			buildActionMask = 2147483647;
			files = (
				3ACD88C420FF302100ED3721 /* LaunchScreen.storyboard in Resources */,
				3ACD88C120FF302100ED3721 /* Assets.xcassets in Resources */,
				3ACD89002100F7C100ED3721 /* Podfile in Resources */,
				3ACD88BF20FF302000ED3721 /* Main.storyboard in Resources */,
			);
			runOnlyForDeploymentPostprocessing = 0;
		};
/* End PBXResourcesBuildPhase section */

/* Begin PBXShellScriptBuildPhase section */
		4D6AD1BB5DE7E56158EAEC55 /* [CP] Check Pods Manifest.lock */ = {
			isa = PBXShellScriptBuildPhase;
			buildActionMask = 2147483647;
			files = (
			);
			inputPaths = (
				"${PODS_PODFILE_DIR_PATH}/Podfile.lock",
				"${PODS_ROOT}/Manifest.lock",
			);
			name = "[CP] Check Pods Manifest.lock";
			outputPaths = (
				"$(DERIVED_FILE_DIR)/Pods-taskHub-checkManifestLockResult.txt",
			);
			runOnlyForDeploymentPostprocessing = 0;
			shellPath = /bin/sh;
			shellScript = "diff \"${PODS_PODFILE_DIR_PATH}/Podfile.lock\" \"${PODS_ROOT}/Manifest.lock\" > /dev/null\nif [ $? != 0 ] ; then\n    # print error to STDERR\n    echo \"error: The sandbox is not in sync with the Podfile.lock. Run 'pod install' or update your CocoaPods installation.\" >&2\n    exit 1\nfi\n# This output is used by Xcode 'outputs' to avoid re-running this script phase.\necho \"SUCCESS\" > \"${SCRIPT_OUTPUT_FILE_0}\"\n";
			showEnvVarsInLog = 0;
		};
		7A6EE1992060A7A59261D5F7 /* [CP] Embed Pods Frameworks */ = {
			isa = PBXShellScriptBuildPhase;
			buildActionMask = 2147483647;
			files = (
			);
			inputPaths = (
				"${SRCROOT}/Pods/Target Support Files/Pods-taskHub/Pods-taskHub-frameworks.sh",
				"${BUILT_PRODUCTS_DIR}/SelectPickerCell/SelectPickerCell.framework",
				"${BUILT_PRODUCTS_DIR}/SwiftyUserDefaults/SwiftyUserDefaults.framework",
			);
			name = "[CP] Embed Pods Frameworks";
			outputPaths = (
				"${TARGET_BUILD_DIR}/${FRAMEWORKS_FOLDER_PATH}/SelectPickerCell.framework",
				"${TARGET_BUILD_DIR}/${FRAMEWORKS_FOLDER_PATH}/SwiftyUserDefaults.framework",
			);
			runOnlyForDeploymentPostprocessing = 0;
			shellPath = /bin/sh;
			shellScript = "\"${SRCROOT}/Pods/Target Support Files/Pods-taskHub/Pods-taskHub-frameworks.sh\"\n";
			showEnvVarsInLog = 0;
		};
/* End PBXShellScriptBuildPhase section */

/* Begin PBXSourcesBuildPhase section */
		3A1120802105F557003892F6 /* Sources */ = {
			isa = PBXSourcesBuildPhase;
			buildActionMask = 2147483647;
			files = (
				3A1120892105F557003892F6 /* TodayViewController.swift in Sources */,
			);
			runOnlyForDeploymentPostprocessing = 0;
		};
		3ACD88B220FF301F00ED3721 /* Sources */ = {
			isa = PBXSourcesBuildPhase;
			buildActionMask = 2147483647;
			files = (
				3AFB74762101DFF10028A65E /* EtitTableVC.swift in Sources */,
				3A79EE3F2101FD5F0077C39D /* FilterTableVC.swift in Sources */,
				3ACD88D420FF416E00ED3721 /* AddViewController.swift in Sources */,
				3A03FC6421012BE000849B94 /* Error.swift in Sources */,
				3A79EE412101FDD40077C39D /* TaskCell.swift in Sources */,
				3A79EE432101FE330077C39D /* FiltreCell.swift in Sources */,
				3A03FC622101236300849B94 /* ReductVC.swift in Sources */,
				3ACD88BA20FF302000ED3721 /* AppDelegate.swift in Sources */,
				3ACD88D220FF355200ED3721 /* TableViewController.swift in Sources */,
			);
			runOnlyForDeploymentPostprocessing = 0;
		};
/* End PBXSourcesBuildPhase section */

/* Begin PBXTargetDependency section */
		3A11208F2105F557003892F6 /* PBXTargetDependency */ = {
			isa = PBXTargetDependency;
			target = 3A1120832105F557003892F6 /* LastTask */;
			targetProxy = 3A11208E2105F557003892F6 /* PBXContainerItemProxy */;
		};
/* End PBXTargetDependency section */

/* Begin PBXVariantGroup section */
		3A11208A2105F557003892F6 /* MainInterface.storyboard */ = {
			isa = PBXVariantGroup;
			children = (
				3A11208B2105F557003892F6 /* Base */,
			);
			name = MainInterface.storyboard;
			sourceTree = "<group>";
		};
		3ACD88BD20FF302000ED3721 /* Main.storyboard */ = {
			isa = PBXVariantGroup;
			children = (
				3ACD88BE20FF302000ED3721 /* Base */,
			);
			name = Main.storyboard;
			sourceTree = "<group>";
		};
		3ACD88C220FF302100ED3721 /* LaunchScreen.storyboard */ = {
			isa = PBXVariantGroup;
			children = (
				3ACD88C320FF302100ED3721 /* Base */,
			);
			name = LaunchScreen.storyboard;
			sourceTree = "<group>";
		};
/* End PBXVariantGroup section */

/* Begin XCBuildConfiguration section */
		3A1120922105F557003892F6 /* Debug */ = {
			isa = XCBuildConfiguration;
			buildSettings = {
				CODE_SIGN_ENTITLEMENTS = LastTask/LastTask.entitlements;
				CODE_SIGN_STYLE = Automatic;
				DEVELOPMENT_TEAM = 2H932YHW79;
				INFOPLIST_FILE = LastTask/Info.plist;
				LD_RUNPATH_SEARCH_PATHS = (
					"$(inherited)",
					"@executable_path/Frameworks",
					"@executable_path/../../Frameworks",
				);
				PRODUCT_BUNDLE_IDENTIFIER = Switch.taskHub.LastTask;
				PRODUCT_NAME = "$(TARGET_NAME)";
				SKIP_INSTALL = YES;
				SWIFT_VERSION = 4.0;
				TARGETED_DEVICE_FAMILY = "1,2";
			};
			name = Debug;
		};
		3A1120932105F557003892F6 /* Release */ = {
			isa = XCBuildConfiguration;
			buildSettings = {
				CODE_SIGN_ENTITLEMENTS = LastTask/LastTask.entitlements;
				CODE_SIGN_STYLE = Automatic;
				DEVELOPMENT_TEAM = 2H932YHW79;
				INFOPLIST_FILE = LastTask/Info.plist;
				LD_RUNPATH_SEARCH_PATHS = (
					"$(inherited)",
					"@executable_path/Frameworks",
					"@executable_path/../../Frameworks",
				);
				PRODUCT_BUNDLE_IDENTIFIER = Switch.taskHub.LastTask;
				PRODUCT_NAME = "$(TARGET_NAME)";
				SKIP_INSTALL = YES;
				SWIFT_VERSION = 4.0;
				TARGETED_DEVICE_FAMILY = "1,2";
			};
			name = Release;
		};
		3ACD88C620FF302100ED3721 /* Debug */ = {
			isa = XCBuildConfiguration;
			buildSettings = {
				ALWAYS_SEARCH_USER_PATHS = NO;
				CLANG_ANALYZER_NONNULL = YES;
				CLANG_ANALYZER_NUMBER_OBJECT_CONVERSION = YES_AGGRESSIVE;
				CLANG_CXX_LANGUAGE_STANDARD = "gnu++14";
				CLANG_CXX_LIBRARY = "libc++";
				CLANG_ENABLE_MODULES = YES;
				CLANG_ENABLE_OBJC_ARC = YES;
				CLANG_ENABLE_OBJC_WEAK = YES;
				CLANG_WARN_BLOCK_CAPTURE_AUTORELEASING = YES;
				CLANG_WARN_BOOL_CONVERSION = YES;
				CLANG_WARN_COMMA = YES;
				CLANG_WARN_CONSTANT_CONVERSION = YES;
				CLANG_WARN_DEPRECATED_OBJC_IMPLEMENTATIONS = YES;
				CLANG_WARN_DIRECT_OBJC_ISA_USAGE = YES_ERROR;
				CLANG_WARN_DOCUMENTATION_COMMENTS = YES;
				CLANG_WARN_EMPTY_BODY = YES;
				CLANG_WARN_ENUM_CONVERSION = YES;
				CLANG_WARN_INFINITE_RECURSION = YES;
				CLANG_WARN_INT_CONVERSION = YES;
				CLANG_WARN_NON_LITERAL_NULL_CONVERSION = YES;
				CLANG_WARN_OBJC_IMPLICIT_RETAIN_SELF = YES;
				CLANG_WARN_OBJC_LITERAL_CONVERSION = YES;
				CLANG_WARN_OBJC_ROOT_CLASS = YES_ERROR;
				CLANG_WARN_RANGE_LOOP_ANALYSIS = YES;
				CLANG_WARN_STRICT_PROTOTYPES = YES;
				CLANG_WARN_SUSPICIOUS_MOVE = YES;
				CLANG_WARN_UNGUARDED_AVAILABILITY = YES_AGGRESSIVE;
				CLANG_WARN_UNREACHABLE_CODE = YES;
				CLANG_WARN__DUPLICATE_METHOD_MATCH = YES;
				CODE_SIGN_IDENTITY = "iPhone Developer";
				COPY_PHASE_STRIP = NO;
				DEBUG_INFORMATION_FORMAT = dwarf;
				ENABLE_STRICT_OBJC_MSGSEND = YES;
				ENABLE_TESTABILITY = YES;
				GCC_C_LANGUAGE_STANDARD = gnu11;
				GCC_DYNAMIC_NO_PIC = NO;
				GCC_NO_COMMON_BLOCKS = YES;
				GCC_OPTIMIZATION_LEVEL = 0;
				GCC_PREPROCESSOR_DEFINITIONS = (
					"DEBUG=1",
					"$(inherited)",
				);
				GCC_WARN_64_TO_32_BIT_CONVERSION = YES;
				GCC_WARN_ABOUT_RETURN_TYPE = YES_ERROR;
				GCC_WARN_UNDECLARED_SELECTOR = YES;
				GCC_WARN_UNINITIALIZED_AUTOS = YES_AGGRESSIVE;
				GCC_WARN_UNUSED_FUNCTION = YES;
				GCC_WARN_UNUSED_VARIABLE = YES;
				IPHONEOS_DEPLOYMENT_TARGET = 11.4;
				MTL_ENABLE_DEBUG_INFO = YES;
				ONLY_ACTIVE_ARCH = YES;
				SDKROOT = iphoneos;
				SWIFT_ACTIVE_COMPILATION_CONDITIONS = DEBUG;
				SWIFT_OPTIMIZATION_LEVEL = "-Onone";
			};
			name = Debug;
		};
		3ACD88C720FF302100ED3721 /* Release */ = {
			isa = XCBuildConfiguration;
			buildSettings = {
				ALWAYS_SEARCH_USER_PATHS = NO;
				CLANG_ANALYZER_NONNULL = YES;
				CLANG_ANALYZER_NUMBER_OBJECT_CONVERSION = YES_AGGRESSIVE;
				CLANG_CXX_LANGUAGE_STANDARD = "gnu++14";
				CLANG_CXX_LIBRARY = "libc++";
				CLANG_ENABLE_MODULES = YES;
				CLANG_ENABLE_OBJC_ARC = YES;
				CLANG_ENABLE_OBJC_WEAK = YES;
				CLANG_WARN_BLOCK_CAPTURE_AUTORELEASING = YES;
				CLANG_WARN_BOOL_CONVERSION = YES;
				CLANG_WARN_COMMA = YES;
				CLANG_WARN_CONSTANT_CONVERSION = YES;
				CLANG_WARN_DEPRECATED_OBJC_IMPLEMENTATIONS = YES;
				CLANG_WARN_DIRECT_OBJC_ISA_USAGE = YES_ERROR;
				CLANG_WARN_DOCUMENTATION_COMMENTS = YES;
				CLANG_WARN_EMPTY_BODY = YES;
				CLANG_WARN_ENUM_CONVERSION = YES;
				CLANG_WARN_INFINITE_RECURSION = YES;
				CLANG_WARN_INT_CONVERSION = YES;
				CLANG_WARN_NON_LITERAL_NULL_CONVERSION = YES;
				CLANG_WARN_OBJC_IMPLICIT_RETAIN_SELF = YES;
				CLANG_WARN_OBJC_LITERAL_CONVERSION = YES;
				CLANG_WARN_OBJC_ROOT_CLASS = YES_ERROR;
				CLANG_WARN_RANGE_LOOP_ANALYSIS = YES;
				CLANG_WARN_STRICT_PROTOTYPES = YES;
				CLANG_WARN_SUSPICIOUS_MOVE = YES;
				CLANG_WARN_UNGUARDED_AVAILABILITY = YES_AGGRESSIVE;
				CLANG_WARN_UNREACHABLE_CODE = YES;
				CLANG_WARN__DUPLICATE_METHOD_MATCH = YES;
				CODE_SIGN_IDENTITY = "iPhone Developer";
				COPY_PHASE_STRIP = NO;
				DEBUG_INFORMATION_FORMAT = "dwarf-with-dsym";
				ENABLE_NS_ASSERTIONS = NO;
				ENABLE_STRICT_OBJC_MSGSEND = YES;
				GCC_C_LANGUAGE_STANDARD = gnu11;
				GCC_NO_COMMON_BLOCKS = YES;
				GCC_WARN_64_TO_32_BIT_CONVERSION = YES;
				GCC_WARN_ABOUT_RETURN_TYPE = YES_ERROR;
				GCC_WARN_UNDECLARED_SELECTOR = YES;
				GCC_WARN_UNINITIALIZED_AUTOS = YES_AGGRESSIVE;
				GCC_WARN_UNUSED_FUNCTION = YES;
				GCC_WARN_UNUSED_VARIABLE = YES;
				IPHONEOS_DEPLOYMENT_TARGET = 11.4;
				MTL_ENABLE_DEBUG_INFO = NO;
				SDKROOT = iphoneos;
				SWIFT_COMPILATION_MODE = wholemodule;
				SWIFT_OPTIMIZATION_LEVEL = "-O";
				VALIDATE_PRODUCT = YES;
			};
			name = Release;
		};
		3ACD88C920FF302100ED3721 /* Debug */ = {
			isa = XCBuildConfiguration;
			baseConfigurationReference = F20B38E5AEA13C4636C60DE5 /* Pods-taskHub.debug.xcconfig */;
			buildSettings = {
				ALWAYS_EMBED_SWIFT_STANDARD_LIBRARIES = YES;
				ASSETCATALOG_COMPILER_APPICON_NAME = AppIcon;
				CODE_SIGN_ENTITLEMENTS = taskHub/taskHub.entitlements;
				CODE_SIGN_STYLE = Automatic;
				DEVELOPMENT_TEAM = 2H932YHW79;
				INFOPLIST_FILE = taskHub/Info.plist;
				LD_RUNPATH_SEARCH_PATHS = (
					"$(inherited)",
					"@executable_path/Frameworks",
				);
				PRODUCT_BUNDLE_IDENTIFIER = Switch.taskHub;
				PRODUCT_NAME = "$(TARGET_NAME)";
				SWIFT_VERSION = 4.0;
				TARGETED_DEVICE_FAMILY = "1,2";
			};
			name = Debug;
		};
		3ACD88CA20FF302100ED3721 /* Release */ = {
			isa = XCBuildConfiguration;
			baseConfigurationReference = F48EB6FBC6C7CA9BD56FC278 /* Pods-taskHub.release.xcconfig */;
			buildSettings = {
				ALWAYS_EMBED_SWIFT_STANDARD_LIBRARIES = YES;
				ASSETCATALOG_COMPILER_APPICON_NAME = AppIcon;
				CODE_SIGN_ENTITLEMENTS = taskHub/taskHub.entitlements;
				CODE_SIGN_STYLE = Automatic;
				DEVELOPMENT_TEAM = 2H932YHW79;
				INFOPLIST_FILE = taskHub/Info.plist;
				LD_RUNPATH_SEARCH_PATHS = (
					"$(inherited)",
					"@executable_path/Frameworks",
				);
				PRODUCT_BUNDLE_IDENTIFIER = Switch.taskHub;
				PRODUCT_NAME = "$(TARGET_NAME)";
				SWIFT_VERSION = 4.0;
				TARGETED_DEVICE_FAMILY = "1,2";
			};
			name = Release;
		};
/* End XCBuildConfiguration section */

/* Begin XCConfigurationList section */
		3A1120912105F557003892F6 /* Build configuration list for PBXNativeTarget "LastTask" */ = {
			isa = XCConfigurationList;
			buildConfigurations = (
				3A1120922105F557003892F6 /* Debug */,
				3A1120932105F557003892F6 /* Release */,
			);
			defaultConfigurationIsVisible = 0;
			defaultConfigurationName = Release;
		};
		3ACD88B120FF301F00ED3721 /* Build configuration list for PBXProject "taskHub" */ = {
			isa = XCConfigurationList;
			buildConfigurations = (
				3ACD88C620FF302100ED3721 /* Debug */,
				3ACD88C720FF302100ED3721 /* Release */,
			);
			defaultConfigurationIsVisible = 0;
			defaultConfigurationName = Release;
		};
		3ACD88C820FF302100ED3721 /* Build configuration list for PBXNativeTarget "taskHub" */ = {
			isa = XCConfigurationList;
			buildConfigurations = (
				3ACD88C920FF302100ED3721 /* Debug */,
				3ACD88CA20FF302100ED3721 /* Release */,
			);
			defaultConfigurationIsVisible = 0;
			defaultConfigurationName = Release;
		};
/* End XCConfigurationList section */
	};
	rootObject = 3ACD88AE20FF301F00ED3721 /* Project object */;
}
